
Microsoft Visual Studio Solution File, Format Version 12.00
# Visual Studio Version 16
VisualStudioVersion = 16.0.30804.86
MinimumVisualStudioVersion = 10.0.40219.1
Project("{9A19103F-16F7-4668-BE54-9A1E7A4F7556}") = "Converter", "Converter\Converter.csproj", "{D6690DB9-2B16-48B6-8F71-0D2935067508}"
EndProject
Project("{9A19103F-16F7-4668-BE54-9A1E7A4F7556}") = "ConverterRadiansToDegrees", "ConverterRadiansToDegrees\ConverterRadiansToDegrees.csproj", "{E72FC52B-9534-4204-99BA-81412A4F6B23}"
EndProject
Project("{9A19103F-16F7-4668-BE54-9A1E7A4F7556}") = "CalculatorDeposit", "CalculatorDeposit\CalculatorDeposit.csproj", "{83F3D2AE-CECB-4CA1-928A-47F0D3BB7198}"
EndProject
Project("{9A19103F-16F7-4668-BE54-9A1E7A4F7556}") = "Literature", "Literature\Literature.csproj", "{7EE2A8D8-F2E6-40C9-A024-8A78369276D4}"
EndProject
Project("{9A19103F-16F7-4668-BE54-9A1E7A4F7556}") = "Birthday", "Birthday\Birthday.csproj", "{B296F4F3-8952-42F5-868E-E858DA532794}"
EndProject
Project("{9A19103F-16F7-4668-BE54-9A1E7A4F7556}") = "Campaign", "Campaign\Campaign.csproj", "{67EE7BA3-68F0-4643-95FF-8DDE2D88B781}"
EndProject
Project("{9A19103F-16F7-4668-BE54-9A1E7A4F7556}") = "FruitMarket", "FruitMarket\FruitMarket.csproj", "{483BDC12-52EA-4038-9CFD-18132A6F9E06}"
EndProject
Project("{9A19103F-16F7-4668-BE54-9A1E7A4F7556}") = "Aquarium", "Aquarium\Aquarium.csproj", "{33CC47A4-72B2-49D5-8CA0-1EDD859C5765}"
EndProject
Project("{9A19103F-16F7-4668-BE54-9A1E7A4F7556}") = "ExcellentGrade", "ExcellentDegree\ExcellentGrade.csproj", "{F067E1E1-8FC5-4E85-A9A0-A45DB250BA57}"
EndProject
Project("{9A19103F-16F7-4668-BE54-9A1E7A4F7556}") = "GreaterNumber", "GreaterNumber\GreaterNumber.csproj", "{9CD1D427-ABFE-485D-90E1-6EB4D641A623}"
EndProject
Project("{9A19103F-16F7-4668-BE54-9A1E7A4F7556}") = "EvenOrOdd", "EvenOrOdd\EvenOrOdd.csproj", "{8B3565CE-50B6-45E4-A243-2CDBBBF159CD}"
EndProject
Project("{9A19103F-16F7-4668-BE54-9A1E7A4F7556}") = "Figures", "Figures\Figures.csproj", "{B78F617E-FDAE-4A1D-B332-17B5F38E0341}"
EndProject
Project("{9A19103F-16F7-4668-BE54-9A1E7A4F7556}") = "100to200", "100to200\100to200.csproj", "{C270EFB6-AD73-416F-9A44-353A86836645}"
EndProject
Project("{9A19103F-16F7-4668-BE54-9A1E7A4F7556}") = "PasswordGuess", "PasswordGuess\PasswordGuess.csproj", "{579BB63A-1AF9-4F09-91F9-FB9A6D393E1B}"
EndProject
Project("{9A19103F-16F7-4668-BE54-9A1E7A4F7556}") = "ToyShop", "ToyShop\ToyShop.csproj", "{0775DD7B-E449-41E9-9F01-E9C5B2F9BF81}"
EndProject
Project("{9A19103F-16F7-4668-BE54-9A1E7A4F7556}") = "SumSeconds", "1to20\SumSeconds.csproj", "{E2B1BD7E-35F4-41BF-8FD4-DAAA2EEF8087}"
EndProject
Project("{9A19103F-16F7-4668-BE54-9A1E7A4F7556}") = "BonusScore", "BonusScore\BonusScore.csproj", "{E5E0F4EB-FBDE-4D3D-A713-8362B1570F26}"
EndProject
Project("{9A19103F-16F7-4668-BE54-9A1E7A4F7556}") = "SpeedInfo", "SpeedInfo\SpeedInfo.csproj", "{62992067-F115-4D81-9EEA-CEBF8CEC1241}"
EndProject
Project("{9A19103F-16F7-4668-BE54-9A1E7A4F7556}") = "MetricConvertor", "MetricConvertor\MetricConvertor.csproj", "{AA66A300-C04D-4181-A215-92DEC2964817}"
EndProject
Project("{9A19103F-16F7-4668-BE54-9A1E7A4F7556}") = "Hall", "Hall\Hall.csproj", "{1DD8519C-3CA0-4C53-81CA-D3DCCB2DBB07}"
EndProject
Project("{9A19103F-16F7-4668-BE54-9A1E7A4F7556}") = "Time+15Minutes", "Time+15Minutes\Time+15Minutes.csproj", "{B04C0845-A628-40F4-B281-09B78BE23CA8}"
EndProject
Project("{9A19103F-16F7-4668-BE54-9A1E7A4F7556}") = "GodzillaVsKong", "GodzillaVsKong\GodzillaVsKong.csproj", "{7663A7CF-DE8E-470B-BAB0-AC4F888E8B4F}"
EndProject
Project("{9A19103F-16F7-4668-BE54-9A1E7A4F7556}") = "WorldSwimmingRecord", "WorldSwimmingRecord\WorldSwimmingRecord.csproj", "{E4256311-2CFC-47AE-A786-EC744D197B91}"
EndProject
Project("{9A19103F-16F7-4668-BE54-9A1E7A4F7556}") = "Scholarship", "Scholarship\Scholarship.csproj", "{36E4C43D-D584-49AA-8943-65481DBA20A5}"
EndProject
Project("{9A19103F-16F7-4668-BE54-9A1E7A4F7556}") = "Hello SoftUni", "FirstStepsInCodingLab\Hello SoftUni.csproj", "{770346E2-47FE-477D-9C07-8A5BF8784CED}"
EndProject
Global
	GlobalSection(SolutionConfigurationPlatforms) = preSolution
		Debug|Any CPU = Debug|Any CPU
		Release|Any CPU = Release|Any CPU
	EndGlobalSection
	GlobalSection(ProjectConfigurationPlatforms) = postSolution
		{D6690DB9-2B16-48B6-8F71-0D2935067508}.Debug|Any CPU.ActiveCfg = Debug|Any CPU
		{D6690DB9-2B16-48B6-8F71-0D2935067508}.Debug|Any CPU.Build.0 = Debug|Any CPU
		{D6690DB9-2B16-48B6-8F71-0D2935067508}.Release|Any CPU.ActiveCfg = Release|Any CPU
		{D6690DB9-2B16-48B6-8F71-0D2935067508}.Release|Any CPU.Build.0 = Release|Any CPU
		{E72FC52B-9534-4204-99BA-81412A4F6B23}.Debug|Any CPU.ActiveCfg = Debug|Any CPU
		{E72FC52B-9534-4204-99BA-81412A4F6B23}.Debug|Any CPU.Build.0 = Debug|Any CPU
		{E72FC52B-9534-4204-99BA-81412A4F6B23}.Release|Any CPU.ActiveCfg = Release|Any CPU
		{E72FC52B-9534-4204-99BA-81412A4F6B23}.Release|Any CPU.Build.0 = Release|Any CPU
		{83F3D2AE-CECB-4CA1-928A-47F0D3BB7198}.Debug|Any CPU.ActiveCfg = Debug|Any CPU
		{83F3D2AE-CECB-4CA1-928A-47F0D3BB7198}.Debug|Any CPU.Build.0 = Debug|Any CPU
		{83F3D2AE-CECB-4CA1-928A-47F0D3BB7198}.Release|Any CPU.ActiveCfg = Release|Any CPU
		{83F3D2AE-CECB-4CA1-928A-47F0D3BB7198}.Release|Any CPU.Build.0 = Release|Any CPU
		{7EE2A8D8-F2E6-40C9-A024-8A78369276D4}.Debug|Any CPU.ActiveCfg = Debug|Any CPU
		{7EE2A8D8-F2E6-40C9-A024-8A78369276D4}.Debug|Any CPU.Build.0 = Debug|Any CPU
		{7EE2A8D8-F2E6-40C9-A024-8A78369276D4}.Release|Any CPU.ActiveCfg = Release|Any CPU
		{7EE2A8D8-F2E6-40C9-A024-8A78369276D4}.Release|Any CPU.Build.0 = Release|Any CPU
		{B296F4F3-8952-42F5-868E-E858DA532794}.Debug|Any CPU.ActiveCfg = Debug|Any CPU
		{B296F4F3-8952-42F5-868E-E858DA532794}.Debug|Any CPU.Build.0 = Debug|Any CPU
		{B296F4F3-8952-42F5-868E-E858DA532794}.Release|Any CPU.ActiveCfg = Release|Any CPU
		{B296F4F3-8952-42F5-868E-E858DA532794}.Release|Any CPU.Build.0 = Release|Any CPU
		{67EE7BA3-68F0-4643-95FF-8DDE2D88B781}.Debug|Any CPU.ActiveCfg = Debug|Any CPU
		{67EE7BA3-68F0-4643-95FF-8DDE2D88B781}.Debug|Any CPU.Build.0 = Debug|Any CPU
		{67EE7BA3-68F0-4643-95FF-8DDE2D88B781}.Release|Any CPU.ActiveCfg = Release|Any CPU
		{67EE7BA3-68F0-4643-95FF-8DDE2D88B781}.Release|Any CPU.Build.0 = Release|Any CPU
		{483BDC12-52EA-4038-9CFD-18132A6F9E06}.Debug|Any CPU.ActiveCfg = Debug|Any CPU
		{483BDC12-52EA-4038-9CFD-18132A6F9E06}.Debug|Any CPU.Build.0 = Debug|Any CPU
		{483BDC12-52EA-4038-9CFD-18132A6F9E06}.Release|Any CPU.ActiveCfg = Release|Any CPU
		{483BDC12-52EA-4038-9CFD-18132A6F9E06}.Release|Any CPU.Build.0 = Release|Any CPU
		{33CC47A4-72B2-49D5-8CA0-1EDD859C5765}.Debug|Any CPU.ActiveCfg = Debug|Any CPU
		{33CC47A4-72B2-49D5-8CA0-1EDD859C5765}.Debug|Any CPU.Build.0 = Debug|Any CPU
		{33CC47A4-72B2-49D5-8CA0-1EDD859C5765}.Release|Any CPU.ActiveCfg = Release|Any CPU
		{33CC47A4-72B2-49D5-8CA0-1EDD859C5765}.Release|Any CPU.Build.0 = Release|Any CPU
		{F067E1E1-8FC5-4E85-A9A0-A45DB250BA57}.Debug|Any CPU.ActiveCfg = Debug|Any CPU
		{F067E1E1-8FC5-4E85-A9A0-A45DB250BA57}.Debug|Any CPU.Build.0 = Debug|Any CPU
		{F067E1E1-8FC5-4E85-A9A0-A45DB250BA57}.Release|Any CPU.ActiveCfg = Release|Any CPU
		{F067E1E1-8FC5-4E85-A9A0-A45DB250BA57}.Release|Any CPU.Build.0 = Release|Any CPU
		{9CD1D427-ABFE-485D-90E1-6EB4D641A623}.Debug|Any CPU.ActiveCfg = Debug|Any CPU
		{9CD1D427-ABFE-485D-90E1-6EB4D641A623}.Debug|Any CPU.Build.0 = Debug|Any CPU
		{9CD1D427-ABFE-485D-90E1-6EB4D641A623}.Release|Any CPU.ActiveCfg = Release|Any CPU
		{9CD1D427-ABFE-485D-90E1-6EB4D641A623}.Release|Any CPU.Build.0 = Release|Any CPU
		{8B3565CE-50B6-45E4-A243-2CDBBBF159CD}.Debug|Any CPU.ActiveCfg = Debug|Any CPU
		{8B3565CE-50B6-45E4-A243-2CDBBBF159CD}.Debug|Any CPU.Build.0 = Debug|Any CPU
		{8B3565CE-50B6-45E4-A243-2CDBBBF159CD}.Release|Any CPU.ActiveCfg = Release|Any CPU
		{8B3565CE-50B6-45E4-A243-2CDBBBF159CD}.Release|Any CPU.Build.0 = Release|Any CPU
		{B78F617E-FDAE-4A1D-B332-17B5F38E0341}.Debug|Any CPU.ActiveCfg = Debug|Any CPU
		{B78F617E-FDAE-4A1D-B332-17B5F38E0341}.Debug|Any CPU.Build.0 = Debug|Any CPU
		{B78F617E-FDAE-4A1D-B332-17B5F38E0341}.Release|Any CPU.ActiveCfg = Release|Any CPU
		{B78F617E-FDAE-4A1D-B332-17B5F38E0341}.Release|Any CPU.Build.0 = Release|Any CPU
		{C270EFB6-AD73-416F-9A44-353A86836645}.Debug|Any CPU.ActiveCfg = Debug|Any CPU
		{C270EFB6-AD73-416F-9A44-353A86836645}.Debug|Any CPU.Build.0 = Debug|Any CPU
		{C270EFB6-AD73-416F-9A44-353A86836645}.Release|Any CPU.ActiveCfg = Release|Any CPU
		{C270EFB6-AD73-416F-9A44-353A86836645}.Release|Any CPU.Build.0 = Release|Any CPU
		{579BB63A-1AF9-4F09-91F9-FB9A6D393E1B}.Debug|Any CPU.ActiveCfg = Debug|Any CPU
		{579BB63A-1AF9-4F09-91F9-FB9A6D393E1B}.Debug|Any CPU.Build.0 = Debug|Any CPU
		{579BB63A-1AF9-4F09-91F9-FB9A6D393E1B}.Release|Any CPU.ActiveCfg = Release|Any CPU
		{579BB63A-1AF9-4F09-91F9-FB9A6D393E1B}.Release|Any CPU.Build.0 = Release|Any CPU
		{0775DD7B-E449-41E9-9F01-E9C5B2F9BF81}.Debug|Any CPU.ActiveCfg = Debug|Any CPU
		{0775DD7B-E449-41E9-9F01-E9C5B2F9BF81}.Debug|Any CPU.Build.0 = Debug|Any CPU
		{0775DD7B-E449-41E9-9F01-E9C5B2F9BF81}.Release|Any CPU.ActiveCfg = Release|Any CPU
		{0775DD7B-E449-41E9-9F01-E9C5B2F9BF81}.Release|Any CPU.Build.0 = Release|Any CPU
		{E2B1BD7E-35F4-41BF-8FD4-DAAA2EEF8087}.Debug|Any CPU.ActiveCfg = Debug|Any CPU
		{E2B1BD7E-35F4-41BF-8FD4-DAAA2EEF8087}.Debug|Any CPU.Build.0 = Debug|Any CPU
		{E2B1BD7E-35F4-41BF-8FD4-DAAA2EEF8087}.Release|Any CPU.ActiveCfg = Release|Any CPU
		{E2B1BD7E-35F4-41BF-8FD4-DAAA2EEF8087}.Release|Any CPU.Build.0 = Release|Any CPU
		{E5E0F4EB-FBDE-4D3D-A713-8362B1570F26}.Debug|Any CPU.ActiveCfg = Debug|Any CPU
		{E5E0F4EB-FBDE-4D3D-A713-8362B1570F26}.Debug|Any CPU.Build.0 = Debug|Any CPU
		{E5E0F4EB-FBDE-4D3D-A713-8362B1570F26}.Release|Any CPU.ActiveCfg = Release|Any CPU
		{E5E0F4EB-FBDE-4D3D-A713-8362B1570F26}.Release|Any CPU.Build.0 = Release|Any CPU
		{62992067-F115-4D81-9EEA-CEBF8CEC1241}.Debug|Any CPU.ActiveCfg = Debug|Any CPU
		{62992067-F115-4D81-9EEA-CEBF8CEC1241}.Debug|Any CPU.Build.0 = Debug|Any CPU
		{62992067-F115-4D81-9EEA-CEBF8CEC1241}.Release|Any CPU.ActiveCfg = Release|Any CPU
		{62992067-F115-4D81-9EEA-CEBF8CEC1241}.Release|Any CPU.Build.0 = Release|Any CPU
		{AA66A300-C04D-4181-A215-92DEC2964817}.Debug|Any CPU.ActiveCfg = Debug|Any CPU
		{AA66A300-C04D-4181-A215-92DEC2964817}.Debug|Any CPU.Build.0 = Debug|Any CPU
		{AA66A300-C04D-4181-A215-92DEC2964817}.Release|Any CPU.ActiveCfg = Release|Any CPU
		{AA66A300-C04D-4181-A215-92DEC2964817}.Release|Any CPU.Build.0 = Release|Any CPU
		{1DD8519C-3CA0-4C53-81CA-D3DCCB2DBB07}.Debug|Any CPU.ActiveCfg = Debug|Any CPU
		{1DD8519C-3CA0-4C53-81CA-D3DCCB2DBB07}.Debug|Any CPU.Build.0 = Debug|Any CPU
		{1DD8519C-3CA0-4C53-81CA-D3DCCB2DBB07}.Release|Any CPU.ActiveCfg = Release|Any CPU
		{1DD8519C-3CA0-4C53-81CA-D3DCCB2DBB07}.Release|Any CPU.Build.0 = Release|Any CPU
		{B04C0845-A628-40F4-B281-09B78BE23CA8}.Debug|Any CPU.ActiveCfg = Debug|Any CPU
		{B04C0845-A628-40F4-B281-09B78BE23CA8}.Debug|Any CPU.Build.0 = Debug|Any CPU
		{B04C0845-A628-40F4-B281-09B78BE23CA8}.Release|Any CPU.ActiveCfg = Release|Any CPU
		{B04C0845-A628-40F4-B281-09B78BE23CA8}.Release|Any CPU.Build.0 = Release|Any CPU
		{7663A7CF-DE8E-470B-BAB0-AC4F888E8B4F}.Debug|Any CPU.ActiveCfg = Debug|Any CPU
		{7663A7CF-DE8E-470B-BAB0-AC4F888E8B4F}.Debug|Any CPU.Build.0 = Debug|Any CPU
		{7663A7CF-DE8E-470B-BAB0-AC4F888E8B4F}.Release|Any CPU.ActiveCfg = Release|Any CPU
		{7663A7CF-DE8E-470B-BAB0-AC4F888E8B4F}.Release|Any CPU.Build.0 = Release|Any CPU
		{E4256311-2CFC-47AE-A786-EC744D197B91}.Debug|Any CPU.ActiveCfg = Debug|Any CPU
		{E4256311-2CFC-47AE-A786-EC744D197B91}.Debug|Any CPU.Build.0 = Debug|Any CPU
		{E4256311-2CFC-47AE-A786-EC744D197B91}.Release|Any CPU.ActiveCfg = Release|Any CPU
		{E4256311-2CFC-47AE-A786-EC744D197B91}.Release|Any CPU.Build.0 = Release|Any CPU
		{36E4C43D-D584-49AA-8943-65481DBA20A5}.Debug|Any CPU.ActiveCfg = Debug|Any CPU
		{36E4C43D-D584-49AA-8943-65481DBA20A5}.Debug|Any CPU.Build.0 = Debug|Any CPU
		{36E4C43D-D584-49AA-8943-65481DBA20A5}.Release|Any CPU.ActiveCfg = Release|Any CPU
		{36E4C43D-D584-49AA-8943-65481DBA20A5}.Release|Any CPU.Build.0 = Release|Any CPU
		{770346E2-47FE-477D-9C07-8A5BF8784CED}.Debug|Any CPU.ActiveCfg = Debug|Any CPU
		{770346E2-47FE-477D-9C07-8A5BF8784CED}.Debug|Any CPU.Build.0 = Debug|Any CPU
		{770346E2-47FE-477D-9C07-8A5BF8784CED}.Release|Any CPU.ActiveCfg = Release|Any CPU
		{770346E2-47FE-477D-9C07-8A5BF8784CED}.Release|Any CPU.Build.0 = Release|Any CPU
	EndGlobalSection
	GlobalSection(SolutionProperties) = preSolution
		HideSolutionNode = FALSE
	EndGlobalSection
	GlobalSection(ExtensibilityGlobals) = postSolution
		SolutionGuid = {6266D59E-25ED-4584-9F78-30D96386F8DD}
	EndGlobalSection
EndGlobal
